// !$*UTF8*$!
{
	archiveVersion = 1;
	classes = {
	};
	objectVersion = 56;
	objects = {

/* Begin PBXBuildFile section */
		7F013ED62B8BABFE0062A2B7 /* SplashView.swift in Sources */ = {isa = PBXBuildFile; fileRef = 7F013ED52B8BABFE0062A2B7 /* SplashView.swift */; };
		7F013ED82B8BB4120062A2B7 /* SharingView.swift in Sources */ = {isa = PBXBuildFile; fileRef = 7F013ED72B8BB4120062A2B7 /* SharingView.swift */; };
		7F2B28622BA45679004D938A /* GoogleService-Info.plist in Resources */ = {isa = PBXBuildFile; fileRef = 7F2B28612BA45679004D938A /* GoogleService-Info.plist */; };
		7F76F8B12B55D77E00F0175F /* demoView.swift in Sources */ = {isa = PBXBuildFile; fileRef = 7F76F8B02B55D77E00F0175F /* demoView.swift */; };
		7F76F8B32B565BC800F0175F /* MainPage.swift in Sources */ = {isa = PBXBuildFile; fileRef = 7F76F8B22B565BC800F0175F /* MainPage.swift */; };
		7F76F8B92B57027B00F0175F /* CallingView.swift in Sources */ = {isa = PBXBuildFile; fileRef = 7F76F8B82B57027B00F0175F /* CallingView.swift */; };
		7F76F8BD2B571BCA00F0175F /* tabbar.swift in Sources */ = {isa = PBXBuildFile; fileRef = 7F76F8BC2B571BCA00F0175F /* tabbar.swift */; };
		7F76F8BF2B57205000F0175F /* AmbulanceCall.swift in Sources */ = {isa = PBXBuildFile; fileRef = 7F76F8BE2B57205000F0175F /* AmbulanceCall.swift */; };
		7F76F8C12B57960900F0175F /* HeartRateHistoryView.swift in Sources */ = {isa = PBXBuildFile; fileRef = 7F76F8C02B57960900F0175F /* HeartRateHistoryView.swift */; };
		7F76F8CB2B57D10B00F0175F /* HealthProfile.swift in Sources */ = {isa = PBXBuildFile; fileRef = 7F76F8CA2B57D10B00F0175F /* HealthProfile.swift */; };
		7F76F8CD2B58085300F0175F /* Settings.swift in Sources */ = {isa = PBXBuildFile; fileRef = 7F76F8CC2B58085300F0175F /* Settings.swift */; };
		7F7FABE62B85F82E00F8E86E /* HealthDataManager.swift in Sources */ = {isa = PBXBuildFile; fileRef = 7F7FABE52B85F82E00F8E86E /* HealthDataManager.swift */; };
		7F7FABE82B85F87200F8E86E /* HealthKitManager.swift in Sources */ = {isa = PBXBuildFile; fileRef = 7F7FABE72B85F87200F8E86E /* HealthKitManager.swift */; };
		7F807D0D2B8B53580062C605 /* CallingView2.swift in Sources */ = {isa = PBXBuildFile; fileRef = 7F807D0C2B8B53580062C605 /* CallingView2.swift */; };
		7F86273F2BA76B11002CF479 /* FirebaseAnalytics in Frameworks */ = {isa = PBXBuildFile; productRef = 7F86273E2BA76B11002CF479 /* FirebaseAnalytics */; };
		7F8627412BA76B11002CF479 /* FirebaseAnalyticsSwift in Frameworks */ = {isa = PBXBuildFile; productRef = 7F8627402BA76B11002CF479 /* FirebaseAnalyticsSwift */; };
		7F8627432BA76B11002CF479 /* FirebaseAuth in Frameworks */ = {isa = PBXBuildFile; productRef = 7F8627422BA76B11002CF479 /* FirebaseAuth */; };
		7F8627452BA76B11002CF479 /* FirebaseDatabase in Frameworks */ = {isa = PBXBuildFile; productRef = 7F8627442BA76B11002CF479 /* FirebaseDatabase */; };
		7F8627472BA76B11002CF479 /* FirebaseDatabaseSwift in Frameworks */ = {isa = PBXBuildFile; productRef = 7F8627462BA76B11002CF479 /* FirebaseDatabaseSwift */; };
		7F8627492BA76B11002CF479 /* FirebaseFirestore in Frameworks */ = {isa = PBXBuildFile; productRef = 7F8627482BA76B11002CF479 /* FirebaseFirestore */; };
		7F86274B2BA76B11002CF479 /* FirebaseFirestoreSwift in Frameworks */ = {isa = PBXBuildFile; productRef = 7F86274A2BA76B11002CF479 /* FirebaseFirestoreSwift */; };
		7F86274D2BA76F82002CF479 /* newhealth.swift in Sources */ = {isa = PBXBuildFile; fileRef = 7F86274C2BA76F82002CF479 /* newhealth.swift */; };
		7F8627512BA8AD7C002CF479 /* DocumentIDManager.swift in Sources */ = {isa = PBXBuildFile; fileRef = 7F8627502BA8AD7C002CF479 /* DocumentIDManager.swift */; };
		7F88B2882BAF20F900569DE4 /* List2View.swift in Sources */ = {isa = PBXBuildFile; fileRef = 7F88B2872BAF20F900569DE4 /* List2View.swift */; };
		7F8C5CE62B583ACA00B57FE7 /* Eco.swift in Sources */ = {isa = PBXBuildFile; fileRef = 7F8C5CE52B583ACA00B57FE7 /* Eco.swift */; };
		7F8FB9312BB204C50079E898 /* enterDocId.swift in Sources */ = {isa = PBXBuildFile; fileRef = 7F8FB9302BB204C50079E898 /* enterDocId.swift */; };
		7F8FB9332BB20AEA0079E898 /* AuthViewModel.swift in Sources */ = {isa = PBXBuildFile; fileRef = 7F8FB9322BB20AEA0079E898 /* AuthViewModel.swift */; };
		7FDE7E6B2BA5C3AB00CDB681 /* LogoutView.swift in Sources */ = {isa = PBXBuildFile; fileRef = 7FDE7E6A2BA5C3AB00CDB681 /* LogoutView.swift */; };
		7FDE7E832BA61C9000CDB681 /* SecondUser.swift in Sources */ = {isa = PBXBuildFile; fileRef = 7FDE7E822BA61C9000CDB681 /* SecondUser.swift */; };
		7FDE7E912BA6DC5100CDB681 /* healthdata.swift in Sources */ = {isa = PBXBuildFile; fileRef = 7FDE7E902BA6DC5100CDB681 /* healthdata.swift */; };
		7FDE7E942BA6DCAE00CDB681 /* HealthDataFirebaseManager.swift in Sources */ = {isa = PBXBuildFile; fileRef = 7FDE7E932BA6DCAE00CDB681 /* HealthDataFirebaseManager.swift */; };
		7FDE8D672B55406900C4E5E9 /* SafeAgeApp.swift in Sources */ = {isa = PBXBuildFile; fileRef = 7FDE8D662B55406900C4E5E9 /* SafeAgeApp.swift */; };
		7FDE8D692B55406900C4E5E9 /* ContentView.swift in Sources */ = {isa = PBXBuildFile; fileRef = 7FDE8D682B55406900C4E5E9 /* ContentView.swift */; };
		7FDE8D6B2B55406C00C4E5E9 /* Assets.xcassets in Resources */ = {isa = PBXBuildFile; fileRef = 7FDE8D6A2B55406C00C4E5E9 /* Assets.xcassets */; };
		7FDE8D6E2B55406C00C4E5E9 /* Preview Assets.xcassets in Resources */ = {isa = PBXBuildFile; fileRef = 7FDE8D6D2B55406C00C4E5E9 /* Preview Assets.xcassets */; };
		7FDE8D752B5541D000C4E5E9 /* PageModel.swift in Sources */ = {isa = PBXBuildFile; fileRef = 7FDE8D742B5541D000C4E5E9 /* PageModel.swift */; };
		7FDE8D772B55446200C4E5E9 /* PageView.swift in Sources */ = {isa = PBXBuildFile; fileRef = 7FDE8D762B55446200C4E5E9 /* PageView.swift */; };
		7FDE8D7F2B55C10F00C4E5E9 /* LoginView.swift in Sources */ = {isa = PBXBuildFile; fileRef = 7FDE8D7E2B55C10F00C4E5E9 /* LoginView.swift */; };
		7FDE8D812B55C90F00C4E5E9 /* signup_page.swift in Sources */ = {isa = PBXBuildFile; fileRef = 7FDE8D802B55C90F00C4E5E9 /* signup_page.swift */; };
		7FDFCA982B8745ED0040AF92 /* LoginApple.swift in Sources */ = {isa = PBXBuildFile; fileRef = 7FDFCA972B8745ED0040AF92 /* LoginApple.swift */; };
		84096FE92B930EEE00124DEF /* AppDelegate.swift in Sources */ = {isa = PBXBuildFile; fileRef = 84096FE82B930EEE00124DEF /* AppDelegate.swift */; };
		841BAB812B946A8300BF4A90 /* ViewController.swift in Sources */ = {isa = PBXBuildFile; fileRef = 841BAB802B946A8300BF4A90 /* ViewController.swift */; };
		841BAB832B946FEB00BF4A90 /* SceneDelegate.swift in Sources */ = {isa = PBXBuildFile; fileRef = 841BAB822B946FEB00BF4A90 /* SceneDelegate.swift */; };
/* End PBXBuildFile section */

/* Begin PBXFileReference section */
		7F013ED52B8BABFE0062A2B7 /* SplashView.swift */ = {isa = PBXFileReference; lastKnownFileType = sourcecode.swift; path = SplashView.swift; sourceTree = "<group>"; };
		7F013ED72B8BB4120062A2B7 /* SharingView.swift */ = {isa = PBXFileReference; lastKnownFileType = sourcecode.swift; path = SharingView.swift; sourceTree = "<group>"; };
		7F2B28612BA45679004D938A /* GoogleService-Info.plist */ = {isa = PBXFileReference; fileEncoding = 4; lastKnownFileType = text.plist.xml; path = "GoogleService-Info.plist"; sourceTree = "<group>"; };
		7F76F8B02B55D77E00F0175F /* demoView.swift */ = {isa = PBXFileReference; lastKnownFileType = sourcecode.swift; path = demoView.swift; sourceTree = "<group>"; };
		7F76F8B22B565BC800F0175F /* MainPage.swift */ = {isa = PBXFileReference; lastKnownFileType = sourcecode.swift; path = MainPage.swift; sourceTree = "<group>"; };
		7F76F8B82B57027B00F0175F /* CallingView.swift */ = {isa = PBXFileReference; lastKnownFileType = sourcecode.swift; path = CallingView.swift; sourceTree = "<group>"; };
		7F76F8BC2B571BCA00F0175F /* tabbar.swift */ = {isa = PBXFileReference; lastKnownFileType = sourcecode.swift; path = tabbar.swift; sourceTree = "<group>"; };
		7F76F8BE2B57205000F0175F /* AmbulanceCall.swift */ = {isa = PBXFileReference; lastKnownFileType = sourcecode.swift; path = AmbulanceCall.swift; sourceTree = "<group>"; };
		7F76F8C02B57960900F0175F /* HeartRateHistoryView.swift */ = {isa = PBXFileReference; lastKnownFileType = sourcecode.swift; path = HeartRateHistoryView.swift; sourceTree = "<group>"; };
		7F76F8CA2B57D10B00F0175F /* HealthProfile.swift */ = {isa = PBXFileReference; lastKnownFileType = sourcecode.swift; path = HealthProfile.swift; sourceTree = "<group>"; };
		7F76F8CC2B58085300F0175F /* Settings.swift */ = {isa = PBXFileReference; lastKnownFileType = sourcecode.swift; path = Settings.swift; sourceTree = "<group>"; };
		7F7FABE52B85F82E00F8E86E /* HealthDataManager.swift */ = {isa = PBXFileReference; lastKnownFileType = sourcecode.swift; path = HealthDataManager.swift; sourceTree = "<group>"; };
		7F7FABE72B85F87200F8E86E /* HealthKitManager.swift */ = {isa = PBXFileReference; lastKnownFileType = sourcecode.swift; path = HealthKitManager.swift; sourceTree = "<group>"; };
		7F7FABE92B85FF9100F8E86E /* SafeAge.entitlements */ = {isa = PBXFileReference; lastKnownFileType = text.plist.entitlements; path = SafeAge.entitlements; sourceTree = "<group>"; };
		7F807D0C2B8B53580062C605 /* CallingView2.swift */ = {isa = PBXFileReference; lastKnownFileType = sourcecode.swift; path = CallingView2.swift; sourceTree = "<group>"; };
		7F86274C2BA76F82002CF479 /* newhealth.swift */ = {isa = PBXFileReference; lastKnownFileType = sourcecode.swift; path = newhealth.swift; sourceTree = "<group>"; };
		7F8627502BA8AD7C002CF479 /* DocumentIDManager.swift */ = {isa = PBXFileReference; lastKnownFileType = sourcecode.swift; path = DocumentIDManager.swift; sourceTree = "<group>"; };
		7F88B2872BAF20F900569DE4 /* List2View.swift */ = {isa = PBXFileReference; lastKnownFileType = sourcecode.swift; path = List2View.swift; sourceTree = "<group>"; };
		7F8C5CE52B583ACA00B57FE7 /* Eco.swift */ = {isa = PBXFileReference; lastKnownFileType = sourcecode.swift; path = Eco.swift; sourceTree = "<group>"; };
		7F8FB9302BB204C50079E898 /* enterDocId.swift */ = {isa = PBXFileReference; lastKnownFileType = sourcecode.swift; path = enterDocId.swift; sourceTree = "<group>"; };
		7F8FB9322BB20AEA0079E898 /* AuthViewModel.swift */ = {isa = PBXFileReference; lastKnownFileType = sourcecode.swift; path = AuthViewModel.swift; sourceTree = "<group>"; };
		7FDE7E6A2BA5C3AB00CDB681 /* LogoutView.swift */ = {isa = PBXFileReference; lastKnownFileType = sourcecode.swift; path = LogoutView.swift; sourceTree = "<group>"; };
		7FDE7E822BA61C9000CDB681 /* SecondUser.swift */ = {isa = PBXFileReference; lastKnownFileType = sourcecode.swift; path = SecondUser.swift; sourceTree = "<group>"; };
		7FDE7E902BA6DC5100CDB681 /* healthdata.swift */ = {isa = PBXFileReference; lastKnownFileType = sourcecode.swift; path = healthdata.swift; sourceTree = "<group>"; };
		7FDE7E932BA6DCAE00CDB681 /* HealthDataFirebaseManager.swift */ = {isa = PBXFileReference; lastKnownFileType = sourcecode.swift; path = HealthDataFirebaseManager.swift; sourceTree = "<group>"; };
		7FDE8D632B55406900C4E5E9 /* SafeAge.app */ = {isa = PBXFileReference; explicitFileType = wrapper.application; includeInIndex = 0; path = SafeAge.app; sourceTree = BUILT_PRODUCTS_DIR; };
		7FDE8D662B55406900C4E5E9 /* SafeAgeApp.swift */ = {isa = PBXFileReference; lastKnownFileType = sourcecode.swift; path = SafeAgeApp.swift; sourceTree = "<group>"; };
		7FDE8D682B55406900C4E5E9 /* ContentView.swift */ = {isa = PBXFileReference; lastKnownFileType = sourcecode.swift; path = ContentView.swift; sourceTree = "<group>"; };
		7FDE8D6A2B55406C00C4E5E9 /* Assets.xcassets */ = {isa = PBXFileReference; lastKnownFileType = folder.assetcatalog; path = Assets.xcassets; sourceTree = "<group>"; };
		7FDE8D6D2B55406C00C4E5E9 /* Preview Assets.xcassets */ = {isa = PBXFileReference; lastKnownFileType = folder.assetcatalog; path = "Preview Assets.xcassets"; sourceTree = "<group>"; };
		7FDE8D742B5541D000C4E5E9 /* PageModel.swift */ = {isa = PBXFileReference; lastKnownFileType = sourcecode.swift; path = PageModel.swift; sourceTree = "<group>"; };
		7FDE8D762B55446200C4E5E9 /* PageView.swift */ = {isa = PBXFileReference; lastKnownFileType = sourcecode.swift; path = PageView.swift; sourceTree = "<group>"; };
		7FDE8D7E2B55C10F00C4E5E9 /* LoginView.swift */ = {isa = PBXFileReference; lastKnownFileType = sourcecode.swift; path = LoginView.swift; sourceTree = "<group>"; };
		7FDE8D802B55C90F00C4E5E9 /* signup_page.swift */ = {isa = PBXFileReference; lastKnownFileType = sourcecode.swift; path = signup_page.swift; sourceTree = "<group>"; };
		7FDFCA972B8745ED0040AF92 /* LoginApple.swift */ = {isa = PBXFileReference; lastKnownFileType = sourcecode.swift; path = LoginApple.swift; sourceTree = "<group>"; };
		84096FE72B930D5200124DEF /* Info.plist */ = {isa = PBXFileReference; lastKnownFileType = text.plist; path = Info.plist; sourceTree = "<group>"; };
		84096FE82B930EEE00124DEF /* AppDelegate.swift */ = {isa = PBXFileReference; lastKnownFileType = sourcecode.swift; path = AppDelegate.swift; sourceTree = "<group>"; };
		841BAB802B946A8300BF4A90 /* ViewController.swift */ = {isa = PBXFileReference; lastKnownFileType = sourcecode.swift; path = ViewController.swift; sourceTree = "<group>"; };
		841BAB822B946FEB00BF4A90 /* SceneDelegate.swift */ = {isa = PBXFileReference; lastKnownFileType = sourcecode.swift; path = SceneDelegate.swift; sourceTree = "<group>"; };
/* End PBXFileReference section */

/* Begin PBXFrameworksBuildPhase section */
		7FDE8D602B55406900C4E5E9 /* Frameworks */ = {
			isa = PBXFrameworksBuildPhase;
			buildActionMask = 2147483647;
			files = (
				7F8627472BA76B11002CF479 /* FirebaseDatabaseSwift in Frameworks */,
				7F8627412BA76B11002CF479 /* FirebaseAnalyticsSwift in Frameworks */,
				7F8627432BA76B11002CF479 /* FirebaseAuth in Frameworks */,
				7F86274B2BA76B11002CF479 /* FirebaseFirestoreSwift in Frameworks */,
				7F8627452BA76B11002CF479 /* FirebaseDatabase in Frameworks */,
				7F86273F2BA76B11002CF479 /* FirebaseAnalytics in Frameworks */,
				7F8627492BA76B11002CF479 /* FirebaseFirestore in Frameworks */,
			);
			runOnlyForDeploymentPostprocessing = 0;
		};
/* End PBXFrameworksBuildPhase section */

/* Begin PBXGroup section */
		7FDE7E612BA5C28A00CDB681 /* Frameworks */ = {
			isa = PBXGroup;
			children = (
			);
			name = Frameworks;
			sourceTree = "<group>";
		};
		7FDE7E8F2BA6DC1800CDB681 /* Healthfirebase */ = {
			isa = PBXGroup;
			children = (
				7FDE7E902BA6DC5100CDB681 /* healthdata.swift */,
				7F88B2872BAF20F900569DE4 /* List2View.swift */,
				7F8FB9302BB204C50079E898 /* enterDocId.swift */,
				7F86274C2BA76F82002CF479 /* newhealth.swift */,
				7F8627502BA8AD7C002CF479 /* DocumentIDManager.swift */,
				7FDE7E932BA6DCAE00CDB681 /* HealthDataFirebaseManager.swift */,
			);
			path = Healthfirebase;
			sourceTree = "<group>";
		};
		7FDE8D5A2B55406900C4E5E9 = {
			isa = PBXGroup;
			children = (
				7FDE8D652B55406900C4E5E9 /* SafeAge */,
				7FDE8D642B55406900C4E5E9 /* Products */,
				7FDE7E612BA5C28A00CDB681 /* Frameworks */,
			);
			sourceTree = "<group>";
		};
		7FDE8D642B55406900C4E5E9 /* Products */ = {
			isa = PBXGroup;
			children = (
				7FDE8D632B55406900C4E5E9 /* SafeAge.app */,
			);
			name = Products;
			sourceTree = "<group>";
		};
		7FDE8D652B55406900C4E5E9 /* SafeAge */ = {
			isa = PBXGroup;
			children = (
				84096FE72B930D5200124DEF /* Info.plist */,
				7F7FABE92B85FF9100F8E86E /* SafeAge.entitlements */,
				7FDE8D662B55406900C4E5E9 /* SafeAgeApp.swift */,
				7F8FB9322BB20AEA0079E898 /* AuthViewModel.swift */,
				841BAB822B946FEB00BF4A90 /* SceneDelegate.swift */,
				841BAB802B946A8300BF4A90 /* ViewController.swift */,
				84096FE82B930EEE00124DEF /* AppDelegate.swift */,
				7FDE8D742B5541D000C4E5E9 /* PageModel.swift */,
				7FDE8D762B55446200C4E5E9 /* PageView.swift */,
				7FDE8D7E2B55C10F00C4E5E9 /* LoginView.swift */,
				7F76F8B82B57027B00F0175F /* CallingView.swift */,
				7F76F8CA2B57D10B00F0175F /* HealthProfile.swift */,
				7FDFCA972B8745ED0040AF92 /* LoginApple.swift */,
				7FDE8D802B55C90F00C4E5E9 /* signup_page.swift */,
				7F013ED72B8BB4120062A2B7 /* SharingView.swift */,
				7F7FABE72B85F87200F8E86E /* HealthKitManager.swift */,
				7FDE7E822BA61C9000CDB681 /* SecondUser.swift */,
				7F76F8CC2B58085300F0175F /* Settings.swift */,
				7FDE7E8F2BA6DC1800CDB681 /* Healthfirebase */,
				7F7FABE52B85F82E00F8E86E /* HealthDataManager.swift */,
				7F807D0C2B8B53580062C605 /* CallingView2.swift */,
				7F76F8BC2B571BCA00F0175F /* tabbar.swift */,
				7FDE7E6A2BA5C3AB00CDB681 /* LogoutView.swift */,
				7F76F8B22B565BC800F0175F /* MainPage.swift */,
				7F8C5CE52B583ACA00B57FE7 /* Eco.swift */,
				7F76F8BE2B57205000F0175F /* AmbulanceCall.swift */,
				7F76F8C02B57960900F0175F /* HeartRateHistoryView.swift */,
				7F76F8B02B55D77E00F0175F /* demoView.swift */,
				7FDE8D682B55406900C4E5E9 /* ContentView.swift */,
				7FDE8D6A2B55406C00C4E5E9 /* Assets.xcassets */,
				7F2B28612BA45679004D938A /* GoogleService-Info.plist */,
				7FDE8D6C2B55406C00C4E5E9 /* Preview Content */,
				7F013ED52B8BABFE0062A2B7 /* SplashView.swift */,
			);
			path = SafeAge;
			sourceTree = "<group>";
		};
		7FDE8D6C2B55406C00C4E5E9 /* Preview Content */ = {
			isa = PBXGroup;
			children = (
				7FDE8D6D2B55406C00C4E5E9 /* Preview Assets.xcassets */,
			);
			path = "Preview Content";
			sourceTree = "<group>";
		};
/* End PBXGroup section */

/* Begin PBXNativeTarget section */
		7FDE8D622B55406900C4E5E9 /* SafeAge */ = {
			isa = PBXNativeTarget;
			buildConfigurationList = 7FDE8D712B55406C00C4E5E9 /* Build configuration list for PBXNativeTarget "SafeAge" */;
			buildPhases = (
				7FDE8D5F2B55406900C4E5E9 /* Sources */,
				7FDE8D602B55406900C4E5E9 /* Frameworks */,
				7FDE8D612B55406900C4E5E9 /* Resources */,
			);
			buildRules = (
			);
			dependencies = (
			);
			name = SafeAge;
			packageProductDependencies = (
				7F86273E2BA76B11002CF479 /* FirebaseAnalytics */,
				7F8627402BA76B11002CF479 /* FirebaseAnalyticsSwift */,
				7F8627422BA76B11002CF479 /* FirebaseAuth */,
				7F8627442BA76B11002CF479 /* FirebaseDatabase */,
				7F8627462BA76B11002CF479 /* FirebaseDatabaseSwift */,
				7F8627482BA76B11002CF479 /* FirebaseFirestore */,
				7F86274A2BA76B11002CF479 /* FirebaseFirestoreSwift */,
			);
			productName = SafeAge;
			productReference = 7FDE8D632B55406900C4E5E9 /* SafeAge.app */;
			productType = "com.apple.product-type.application";
		};
/* End PBXNativeTarget section */

/* Begin PBXProject section */
		7FDE8D5B2B55406900C4E5E9 /* Project object */ = {
			isa = PBXProject;
			attributes = {
				BuildIndependentTargetsInParallel = 1;
				LastSwiftUpdateCheck = 1510;
				LastUpgradeCheck = 1510;
				TargetAttributes = {
					7FDE8D622B55406900C4E5E9 = {
						CreatedOnToolsVersion = 15.1;
					};
				};
			};
			buildConfigurationList = 7FDE8D5E2B55406900C4E5E9 /* Build configuration list for PBXProject "SafeAge" */;
			compatibilityVersion = "Xcode 14.0";
			developmentRegion = en;
			hasScannedForEncodings = 0;
			knownRegions = (
				en,
				Base,
			);
			mainGroup = 7FDE8D5A2B55406900C4E5E9;
			packageReferences = (
				7F86272F2BA76952002CF479 /* XCRemoteSwiftPackageReference "firebase-ios-sdk" */,
			);
			productRefGroup = 7FDE8D642B55406900C4E5E9 /* Products */;
			projectDirPath = "";
			projectRoot = "";
			targets = (
				7FDE8D622B55406900C4E5E9 /* SafeAge */,
			);
		};
/* End PBXProject section */

/* Begin PBXResourcesBuildPhase section */
		7FDE8D612B55406900C4E5E9 /* Resources */ = {
			isa = PBXResourcesBuildPhase;
			buildActionMask = 2147483647;
			files = (
				7FDE8D6E2B55406C00C4E5E9 /* Preview Assets.xcassets in Resources */,
				7F2B28622BA45679004D938A /* GoogleService-Info.plist in Resources */,
				7FDE8D6B2B55406C00C4E5E9 /* Assets.xcassets in Resources */,
			);
			runOnlyForDeploymentPostprocessing = 0;
		};
/* End PBXResourcesBuildPhase section */

/* Begin PBXSourcesBuildPhase section */
		7FDE8D5F2B55406900C4E5E9 /* Sources */ = {
			isa = PBXSourcesBuildPhase;
			buildActionMask = 2147483647;
			files = (
				7FDE7E942BA6DCAE00CDB681 /* HealthDataFirebaseManager.swift in Sources */,
				84096FE92B930EEE00124DEF /* AppDelegate.swift in Sources */,
				7F013ED82B8BB4120062A2B7 /* SharingView.swift in Sources */,
				7F76F8B12B55D77E00F0175F /* demoView.swift in Sources */,
				7F76F8BF2B57205000F0175F /* AmbulanceCall.swift in Sources */,
				7F8C5CE62B583ACA00B57FE7 /* Eco.swift in Sources */,
				7F7FABE82B85F87200F8E86E /* HealthKitManager.swift in Sources */,
				7F76F8CD2B58085300F0175F /* Settings.swift in Sources */,
				7FDE7E6B2BA5C3AB00CDB681 /* LogoutView.swift in Sources */,
				7F8627512BA8AD7C002CF479 /* DocumentIDManager.swift in Sources */,
				841BAB812B946A8300BF4A90 /* ViewController.swift in Sources */,
				7FDE8D692B55406900C4E5E9 /* ContentView.swift in Sources */,
				7F8FB9312BB204C50079E898 /* enterDocId.swift in Sources */,
				7FDE8D772B55446200C4E5E9 /* PageView.swift in Sources */,
				7FDE7E912BA6DC5100CDB681 /* healthdata.swift in Sources */,
				7F76F8CB2B57D10B00F0175F /* HealthProfile.swift in Sources */,
				7F76F8B32B565BC800F0175F /* MainPage.swift in Sources */,
				7FDE8D752B5541D000C4E5E9 /* PageModel.swift in Sources */,
				7F807D0D2B8B53580062C605 /* CallingView2.swift in Sources */,
				7F76F8C12B57960900F0175F /* HeartRateHistoryView.swift in Sources */,
				7FDFCA982B8745ED0040AF92 /* LoginApple.swift in Sources */,
				7FDE8D7F2B55C10F00C4E5E9 /* LoginView.swift in Sources */,
				7F76F8B92B57027B00F0175F /* CallingView.swift in Sources */,
				7F76F8BD2B571BCA00F0175F /* tabbar.swift in Sources */,
				7FDE8D812B55C90F00C4E5E9 /* signup_page.swift in Sources */,
				7FDE8D672B55406900C4E5E9 /* SafeAgeApp.swift in Sources */,
				7F7FABE62B85F82E00F8E86E /* HealthDataManager.swift in Sources */,
				7FDE7E832BA61C9000CDB681 /* SecondUser.swift in Sources */,
				7F013ED62B8BABFE0062A2B7 /* SplashView.swift in Sources */,
				7F8FB9332BB20AEA0079E898 /* AuthViewModel.swift in Sources */,
				7F86274D2BA76F82002CF479 /* newhealth.swift in Sources */,
				7F88B2882BAF20F900569DE4 /* List2View.swift in Sources */,
				841BAB832B946FEB00BF4A90 /* SceneDelegate.swift in Sources */,
			);
			runOnlyForDeploymentPostprocessing = 0;
		};
/* End PBXSourcesBuildPhase section */

/* Begin XCBuildConfiguration section */
		7FDE8D6F2B55406C00C4E5E9 /* Debug */ = {
			isa = XCBuildConfiguration;
			buildSettings = {
				ALWAYS_SEARCH_USER_PATHS = NO;
				ASSETCATALOG_COMPILER_GENERATE_SWIFT_ASSET_SYMBOL_EXTENSIONS = YES;
				CLANG_ANALYZER_NONNULL = YES;
				CLANG_ANALYZER_NUMBER_OBJECT_CONVERSION = YES_AGGRESSIVE;
				CLANG_CXX_LANGUAGE_STANDARD = "gnu++20";
				CLANG_ENABLE_MODULES = YES;
				CLANG_ENABLE_OBJC_ARC = YES;
				CLANG_ENABLE_OBJC_WEAK = YES;
				CLANG_WARN_BLOCK_CAPTURE_AUTORELEASING = YES;
				CLANG_WARN_BOOL_CONVERSION = YES;
				CLANG_WARN_COMMA = YES;
				CLANG_WARN_CONSTANT_CONVERSION = YES;
				CLANG_WARN_DEPRECATED_OBJC_IMPLEMENTATIONS = YES;
				CLANG_WARN_DIRECT_OBJC_ISA_USAGE = YES_ERROR;
				CLANG_WARN_DOCUMENTATION_COMMENTS = YES;
				CLANG_WARN_EMPTY_BODY = YES;
				CLANG_WARN_ENUM_CONVERSION = YES;
				CLANG_WARN_INFINITE_RECURSION = YES;
				CLANG_WARN_INT_CONVERSION = YES;
				CLANG_WARN_NON_LITERAL_NULL_CONVERSION = YES;
				CLANG_WARN_OBJC_IMPLICIT_RETAIN_SELF = YES;
				CLANG_WARN_OBJC_LITERAL_CONVERSION = YES;
				CLANG_WARN_OBJC_ROOT_CLASS = YES_ERROR;
				CLANG_WARN_QUOTED_INCLUDE_IN_FRAMEWORK_HEADER = YES;
				CLANG_WARN_RANGE_LOOP_ANALYSIS = YES;
				CLANG_WARN_STRICT_PROTOTYPES = YES;
				CLANG_WARN_SUSPICIOUS_MOVE = YES;
				CLANG_WARN_UNGUARDED_AVAILABILITY = YES_AGGRESSIVE;
				CLANG_WARN_UNREACHABLE_CODE = YES;
				CLANG_WARN__DUPLICATE_METHOD_MATCH = YES;
				COPY_PHASE_STRIP = NO;
				DEBUG_INFORMATION_FORMAT = dwarf;
				ENABLE_STRICT_OBJC_MSGSEND = YES;
				ENABLE_TESTABILITY = YES;
				ENABLE_USER_SCRIPT_SANDBOXING = YES;
				GCC_C_LANGUAGE_STANDARD = gnu17;
				GCC_DYNAMIC_NO_PIC = NO;
				GCC_NO_COMMON_BLOCKS = YES;
				GCC_OPTIMIZATION_LEVEL = 0;
				GCC_PREPROCESSOR_DEFINITIONS = (
					"DEBUG=1",
					"$(inherited)",
				);
				GCC_WARN_64_TO_32_BIT_CONVERSION = YES;
				GCC_WARN_ABOUT_RETURN_TYPE = YES_ERROR;
				GCC_WARN_UNDECLARED_SELECTOR = YES;
				GCC_WARN_UNINITIALIZED_AUTOS = YES_AGGRESSIVE;
				GCC_WARN_UNUSED_FUNCTION = YES;
				GCC_WARN_UNUSED_VARIABLE = YES;
				IPHONEOS_DEPLOYMENT_TARGET = 17.2;
				LOCALIZATION_PREFERS_STRING_CATALOGS = YES;
				MTL_ENABLE_DEBUG_INFO = INCLUDE_SOURCE;
				MTL_FAST_MATH = YES;
				ONLY_ACTIVE_ARCH = YES;
				SDKROOT = iphoneos;
				SWIFT_ACTIVE_COMPILATION_CONDITIONS = "DEBUG $(inherited)";
				SWIFT_OPTIMIZATION_LEVEL = "-Onone";
			};
			name = Debug;
		};
		7FDE8D702B55406C00C4E5E9 /* Release */ = {
			isa = XCBuildConfiguration;
			buildSettings = {
				ALWAYS_SEARCH_USER_PATHS = NO;
				ASSETCATALOG_COMPILER_GENERATE_SWIFT_ASSET_SYMBOL_EXTENSIONS = YES;
				CLANG_ANALYZER_NONNULL = YES;
				CLANG_ANALYZER_NUMBER_OBJECT_CONVERSION = YES_AGGRESSIVE;
				CLANG_CXX_LANGUAGE_STANDARD = "gnu++20";
				CLANG_ENABLE_MODULES = YES;
				CLANG_ENABLE_OBJC_ARC = YES;
				CLANG_ENABLE_OBJC_WEAK = YES;
				CLANG_WARN_BLOCK_CAPTURE_AUTORELEASING = YES;
				CLANG_WARN_BOOL_CONVERSION = YES;
				CLANG_WARN_COMMA = YES;
				CLANG_WARN_CONSTANT_CONVERSION = YES;
				CLANG_WARN_DEPRECATED_OBJC_IMPLEMENTATIONS = YES;
				CLANG_WARN_DIRECT_OBJC_ISA_USAGE = YES_ERROR;
				CLANG_WARN_DOCUMENTATION_COMMENTS = YES;
				CLANG_WARN_EMPTY_BODY = YES;
				CLANG_WARN_ENUM_CONVERSION = YES;
				CLANG_WARN_INFINITE_RECURSION = YES;
				CLANG_WARN_INT_CONVERSION = YES;
				CLANG_WARN_NON_LITERAL_NULL_CONVERSION = YES;
				CLANG_WARN_OBJC_IMPLICIT_RETAIN_SELF = YES;
				CLANG_WARN_OBJC_LITERAL_CONVERSION = YES;
				CLANG_WARN_OBJC_ROOT_CLASS = YES_ERROR;
				CLANG_WARN_QUOTED_INCLUDE_IN_FRAMEWORK_HEADER = YES;
				CLANG_WARN_RANGE_LOOP_ANALYSIS = YES;
				CLANG_WARN_STRICT_PROTOTYPES = YES;
				CLANG_WARN_SUSPICIOUS_MOVE = YES;
				CLANG_WARN_UNGUARDED_AVAILABILITY = YES_AGGRESSIVE;
				CLANG_WARN_UNREACHABLE_CODE = YES;
				CLANG_WARN__DUPLICATE_METHOD_MATCH = YES;
				COPY_PHASE_STRIP = NO;
				DEBUG_INFORMATION_FORMAT = "dwarf-with-dsym";
				ENABLE_NS_ASSERTIONS = NO;
				ENABLE_STRICT_OBJC_MSGSEND = YES;
				ENABLE_USER_SCRIPT_SANDBOXING = YES;
				GCC_C_LANGUAGE_STANDARD = gnu17;
				GCC_NO_COMMON_BLOCKS = YES;
				GCC_WARN_64_TO_32_BIT_CONVERSION = YES;
				GCC_WARN_ABOUT_RETURN_TYPE = YES_ERROR;
				GCC_WARN_UNDECLARED_SELECTOR = YES;
				GCC_WARN_UNINITIALIZED_AUTOS = YES_AGGRESSIVE;
				GCC_WARN_UNUSED_FUNCTION = YES;
				GCC_WARN_UNUSED_VARIABLE = YES;
				IPHONEOS_DEPLOYMENT_TARGET = 17.2;
				LOCALIZATION_PREFERS_STRING_CATALOGS = YES;
				MTL_ENABLE_DEBUG_INFO = NO;
				MTL_FAST_MATH = YES;
				SDKROOT = iphoneos;
				SWIFT_COMPILATION_MODE = wholemodule;
				VALIDATE_PRODUCT = YES;
			};
			name = Release;
		};
		7FDE8D722B55406C00C4E5E9 /* Debug */ = {
			isa = XCBuildConfiguration;
			buildSettings = {
				ASSETCATALOG_COMPILER_APPICON_NAME = AppIcon;
				ASSETCATALOG_COMPILER_GLOBAL_ACCENT_COLOR_NAME = AccentColor;
				CODE_SIGN_ENTITLEMENTS = SafeAge/SafeAge.entitlements;
				CODE_SIGN_STYLE = Automatic;
				CURRENT_PROJECT_VERSION = 1;
				DEVELOPMENT_ASSET_PATHS = "\"SafeAge/Preview Content\"";
				DEVELOPMENT_TEAM = 8BA47GYXAL;
				ENABLE_PREVIEWS = YES;
				GENERATE_INFOPLIST_FILE = YES;
				INFOPLIST_FILE = SafeAge/Info.plist;
				INFOPLIST_KEY_NSHealthShareUsageDescription = "Please allow access to use all the features of the application";
				INFOPLIST_KEY_NSMainNibFile = "";
				INFOPLIST_KEY_UIApplicationSceneManifest_Generation = YES;
				INFOPLIST_KEY_UIApplicationSupportsIndirectInputEvents = YES;
				INFOPLIST_KEY_UILaunchScreen_Generation = YES;
				INFOPLIST_KEY_UISupportedInterfaceOrientations_iPad = "UIInterfaceOrientationPortrait UIInterfaceOrientationPortraitUpsideDown UIInterfaceOrientationLandscapeLeft UIInterfaceOrientationLandscapeRight";
				INFOPLIST_KEY_UISupportedInterfaceOrientations_iPhone = "UIInterfaceOrientationPortrait UIInterfaceOrientationLandscapeLeft UIInterfaceOrientationLandscapeRight";
				IPHONEOS_DEPLOYMENT_TARGET = 17.2;
				LD_RUNPATH_SEARCH_PATHS = (
					"$(inherited)",
					"@executable_path/Frameworks",
				);
				MARKETING_VERSION = 1.0;
				PRODUCT_BUNDLE_IDENTIFIER = yourcompany.com.Sa;
				PRODUCT_NAME = "$(TARGET_NAME)";
				SWIFT_EMIT_LOC_STRINGS = YES;
				SWIFT_VERSION = 5.0;
				TARGETED_DEVICE_FAMILY = "1,2";
			};
			name = Debug;
		};
		7FDE8D732B55406C00C4E5E9 /* Release */ = {
			isa = XCBuildConfiguration;
			buildSettings = {
				ASSETCATALOG_COMPILER_APPICON_NAME = AppIcon;
				ASSETCATALOG_COMPILER_GLOBAL_ACCENT_COLOR_NAME = AccentColor;
				CODE_SIGN_ENTITLEMENTS = SafeAge/SafeAge.entitlements;
				CODE_SIGN_STYLE = Automatic;
				CURRENT_PROJECT_VERSION = 1;
				DEVELOPMENT_ASSET_PATHS = "\"SafeAge/Preview Content\"";
				DEVELOPMENT_TEAM = 8BA47GYXAL;
				ENABLE_PREVIEWS = YES;
				GENERATE_INFOPLIST_FILE = YES;
				INFOPLIST_FILE = SafeAge/Info.plist;
				INFOPLIST_KEY_NSHealthShareUsageDescription = "Please allow access to use all the features of the application";
				INFOPLIST_KEY_NSMainNibFile = "";
				INFOPLIST_KEY_UIApplicationSceneManifest_Generation = YES;
				INFOPLIST_KEY_UIApplicationSupportsIndirectInputEvents = YES;
				INFOPLIST_KEY_UILaunchScreen_Generation = YES;
				INFOPLIST_KEY_UISupportedInterfaceOrientations_iPad = "UIInterfaceOrientationPortrait UIInterfaceOrientationPortraitUpsideDown UIInterfaceOrientationLandscapeLeft UIInterfaceOrientationLandscapeRight";
				INFOPLIST_KEY_UISupportedInterfaceOrientations_iPhone = "UIInterfaceOrientationPortrait UIInterfaceOrientationLandscapeLeft UIInterfaceOrientationLandscapeRight";
				IPHONEOS_DEPLOYMENT_TARGET = 17.2;
				LD_RUNPATH_SEARCH_PATHS = (
					"$(inherited)",
					"@executable_path/Frameworks",
				);
				MARKETING_VERSION = 1.0;
				PRODUCT_BUNDLE_IDENTIFIER = yourcompany.com.Sa;
				PRODUCT_NAME = "$(TARGET_NAME)";
				SWIFT_EMIT_LOC_STRINGS = YES;
				SWIFT_VERSION = 5.0;
				TARGETED_DEVICE_FAMILY = "1,2";
			};
			name = Release;
		};
/* End XCBuildConfiguration section */

/* Begin XCConfigurationList section */
		7FDE8D5E2B55406900C4E5E9 /* Build configuration list for PBXProject "SafeAge" */ = {
			isa = XCConfigurationList;
			buildConfigurations = (
				7FDE8D6F2B55406C00C4E5E9 /* Debug */,
				7FDE8D702B55406C00C4E5E9 /* Release */,
			);
			defaultConfigurationIsVisible = 0;
			defaultConfigurationName = Release;
		};
		7FDE8D712B55406C00C4E5E9 /* Build configuration list for PBXNativeTarget "SafeAge" */ = {
			isa = XCConfigurationList;
			buildConfigurations = (
				7FDE8D722B55406C00C4E5E9 /* Debug */,
				7FDE8D732B55406C00C4E5E9 /* Release */,
			);
			defaultConfigurationIsVisible = 0;
			defaultConfigurationName = Release;
		};
/* End XCConfigurationList section */

/* Begin XCRemoteSwiftPackageReference section */
		7F86272F2BA76952002CF479 /* XCRemoteSwiftPackageReference "firebase-ios-sdk" */ = {
			isa = XCRemoteSwiftPackageReference;
			repositoryURL = "https://github.com/firebase/firebase-ios-sdk.git";
			requirement = {
				kind = exactVersion;
				version = 10.22.1;
			};
		};
/* End XCRemoteSwiftPackageReference section */

/* Begin XCSwiftPackageProductDependency section */
		7F86273E2BA76B11002CF479 /* FirebaseAnalytics */ = {
			isa = XCSwiftPackageProductDependency;
			package = 7F86272F2BA76952002CF479 /* XCRemoteSwiftPackageReference "firebase-ios-sdk" */;
			productName = FirebaseAnalytics;
		};
		7F8627402BA76B11002CF479 /* FirebaseAnalyticsSwift */ = {
			isa = XCSwiftPackageProductDependency;
			package = 7F86272F2BA76952002CF479 /* XCRemoteSwiftPackageReference "firebase-ios-sdk" */;
			productName = FirebaseAnalyticsSwift;
		};
		7F8627422BA76B11002CF479 /* FirebaseAuth */ = {
			isa = XCSwiftPackageProductDependency;
			package = 7F86272F2BA76952002CF479 /* XCRemoteSwiftPackageReference "firebase-ios-sdk" */;
			productName = FirebaseAuth;
		};
		7F8627442BA76B11002CF479 /* FirebaseDatabase */ = {
			isa = XCSwiftPackageProductDependency;
			package = 7F86272F2BA76952002CF479 /* XCRemoteSwiftPackageReference "firebase-ios-sdk" */;
			productName = FirebaseDatabase;
		};
		7F8627462BA76B11002CF479 /* FirebaseDatabaseSwift */ = {
			isa = XCSwiftPackageProductDependency;
			package = 7F86272F2BA76952002CF479 /* XCRemoteSwiftPackageReference "firebase-ios-sdk" */;
			productName = FirebaseDatabaseSwift;
		};
		7F8627482BA76B11002CF479 /* FirebaseFirestore */ = {
			isa = XCSwiftPackageProductDependency;
			package = 7F86272F2BA76952002CF479 /* XCRemoteSwiftPackageReference "firebase-ios-sdk" */;
			productName = FirebaseFirestore;
		};
		7F86274A2BA76B11002CF479 /* FirebaseFirestoreSwift */ = {
			isa = XCSwiftPackageProductDependency;
			package = 7F86272F2BA76952002CF479 /* XCRemoteSwiftPackageReference "firebase-ios-sdk" */;
			productName = FirebaseFirestoreSwift;
		};
/* End XCSwiftPackageProductDependency section */
	};
	rootObject = 7FDE8D5B2B55406900C4E5E9 /* Project object */;
}
